// !$*UTF8*$!
{
	archiveVersion = 1;
	classes = {
	};
	objectVersion = 56;
	objects = {

/* Begin PBXBuildFile section */
		783CE13C29A0C87600A88982 /* openai_async_image_swiftui_exampleApp.swift in Sources */ = {isa = PBXBuildFile; fileRef = 783CE13B29A0C87600A88982 /* openai_async_image_swiftui_exampleApp.swift */; };
		783CE13E29A0C87600A88982 /* ContentView.swift in Sources */ = {isa = PBXBuildFile; fileRef = 783CE13D29A0C87600A88982 /* ContentView.swift */; };
		783CE14029A0C87800A88982 /* Assets.xcassets in Resources */ = {isa = PBXBuildFile; fileRef = 783CE13F29A0C87800A88982 /* Assets.xcassets */; };
		783CE14429A0C87800A88982 /* Preview Assets.xcassets in Resources */ = {isa = PBXBuildFile; fileRef = 783CE14329A0C87800A88982 /* Preview Assets.xcassets */; };
		783D05BA29AE2B5100C5D2B0 /* README.md in Resources */ = {isa = PBXBuildFile; fileRef = 783D05B929AE2B5100C5D2B0 /* README.md */; };
		783D05C329AF609C00C5D2B0 /* sun_iphone.png in Resources */ = {isa = PBXBuildFile; fileRef = 783D05C229AF609C00C5D2B0 /* sun_iphone.png */; };
		785C65B92C9DE0E600F94362 /* openai-async-image-swiftui in Frameworks */ = {isa = PBXBuildFile; productRef = 785C65B82C9DE0E600F94362 /* openai-async-image-swiftui */; };
		78976E202C3AE11F00791CC3 /* TextWithLinks.swift in Sources */ = {isa = PBXBuildFile; fileRef = 78976E1F2C3AE11F00791CC3 /* TextWithLinks.swift */; };
/* End PBXBuildFile section */

/* Begin PBXFileReference section */
		783CE13829A0C87600A88982 /* openai-async-image-swiftui-example.app */ = {isa = PBXFileReference; explicitFileType = wrapper.application; includeInIndex = 0; path = "openai-async-image-swiftui-example.app"; sourceTree = BUILT_PRODUCTS_DIR; };
		783CE13B29A0C87600A88982 /* openai_async_image_swiftui_exampleApp.swift */ = {isa = PBXFileReference; lastKnownFileType = sourcecode.swift; path = openai_async_image_swiftui_exampleApp.swift; sourceTree = "<group>"; };
		783CE13D29A0C87600A88982 /* ContentView.swift */ = {isa = PBXFileReference; lastKnownFileType = sourcecode.swift; path = ContentView.swift; sourceTree = "<group>"; };
		783CE13F29A0C87800A88982 /* Assets.xcassets */ = {isa = PBXFileReference; lastKnownFileType = folder.assetcatalog; path = Assets.xcassets; sourceTree = "<group>"; };
		783CE14129A0C87800A88982 /* openai_async_image_swiftui_example.entitlements */ = {isa = PBXFileReference; lastKnownFileType = text.plist.entitlements; path = openai_async_image_swiftui_example.entitlements; sourceTree = "<group>"; };
		783CE14329A0C87800A88982 /* Preview Assets.xcassets */ = {isa = PBXFileReference; lastKnownFileType = folder.assetcatalog; path = "Preview Assets.xcassets"; sourceTree = "<group>"; };
		783D05B929AE2B5100C5D2B0 /* README.md */ = {isa = PBXFileReference; fileEncoding = 4; lastKnownFileType = net.daringfireball.markdown; path = README.md; sourceTree = SOURCE_ROOT; };
		783D05C229AF609C00C5D2B0 /* sun_iphone.png */ = {isa = PBXFileReference; lastKnownFileType = image.png; path = sun_iphone.png; sourceTree = "<group>"; };
		78976E1F2C3AE11F00791CC3 /* TextWithLinks.swift */ = {isa = PBXFileReference; lastKnownFileType = sourcecode.swift; path = TextWithLinks.swift; sourceTree = "<group>"; };
/* End PBXFileReference section */

/* Begin PBXFrameworksBuildPhase section */
		783CE13529A0C87600A88982 /* Frameworks */ = {
			isa = PBXFrameworksBuildPhase;
			buildActionMask = 2147483647;
			files = (
				785C65B92C9DE0E600F94362 /* openai-async-image-swiftui in Frameworks */,
			);
			runOnlyForDeploymentPostprocessing = 0;
		};
/* End PBXFrameworksBuildPhase section */

/* Begin PBXGroup section */
		783CE12F29A0C87600A88982 = {
			isa = PBXGroup;
			children = (
				783CE13A29A0C87600A88982 /* openai-async-image-swiftui-example */,
				783CE13929A0C87600A88982 /* Products */,
				783CE14C29A0D60400A88982 /* Frameworks */,
			);
			sourceTree = "<group>";
		};
		783CE13929A0C87600A88982 /* Products */ = {
			isa = PBXGroup;
			children = (
				783CE13829A0C87600A88982 /* openai-async-image-swiftui-example.app */,
			);
			name = Products;
			sourceTree = "<group>";
		};
		783CE13A29A0C87600A88982 /* openai-async-image-swiftui-example */ = {
			isa = PBXGroup;
			children = (
				78976E212C3AE23000791CC3 /* view */,
				783D05C129AF608300C5D2B0 /* img */,
				783D05B929AE2B5100C5D2B0 /* README.md */,
				783CE13B29A0C87600A88982 /* openai_async_image_swiftui_exampleApp.swift */,
				783CE13D29A0C87600A88982 /* ContentView.swift */,
				783CE13F29A0C87800A88982 /* Assets.xcassets */,
				783CE14129A0C87800A88982 /* openai_async_image_swiftui_example.entitlements */,
				783CE14229A0C87800A88982 /* Preview Content */,
			);
			path = "openai-async-image-swiftui-example";
			sourceTree = "<group>";
		};
		783CE14229A0C87800A88982 /* Preview Content */ = {
			isa = PBXGroup;
			children = (
				783CE14329A0C87800A88982 /* Preview Assets.xcassets */,
			);
			path = "Preview Content";
			sourceTree = "<group>";
		};
		783CE14C29A0D60400A88982 /* Frameworks */ = {
			isa = PBXGroup;
			children = (
			);
			name = Frameworks;
			sourceTree = "<group>";
		};
		783D05C129AF608300C5D2B0 /* img */ = {
			isa = PBXGroup;
			children = (
				783D05C229AF609C00C5D2B0 /* sun_iphone.png */,
			);
			path = img;
			sourceTree = "<group>";
		};
		78976E212C3AE23000791CC3 /* view */ = {
			isa = PBXGroup;
			children = (
				78976E1F2C3AE11F00791CC3 /* TextWithLinks.swift */,
			);
			path = view;
			sourceTree = "<group>";
		};
/* End PBXGroup section */

/* Begin PBXNativeTarget section */
		783CE13729A0C87600A88982 /* openai-async-image-swiftui-example */ = {
			isa = PBXNativeTarget;
			buildConfigurationList = 783CE14729A0C87800A88982 /* Build configuration list for PBXNativeTarget "openai-async-image-swiftui-example" */;
			buildPhases = (
				783CE13429A0C87600A88982 /* Sources */,
				783CE13529A0C87600A88982 /* Frameworks */,
				783CE13629A0C87600A88982 /* Resources */,
			);
			buildRules = (
			);
			dependencies = (
			);
			name = "openai-async-image-swiftui-example";
			packageProductDependencies = (
				785C65B82C9DE0E600F94362 /* openai-async-image-swiftui */,
			);
			productName = "openai-async-image-swiftui-example";
			productReference = 783CE13829A0C87600A88982 /* openai-async-image-swiftui-example.app */;
			productType = "com.apple.product-type.application";
		};
/* End PBXNativeTarget section */

/* Begin PBXProject section */
		783CE13029A0C87600A88982 /* Project object */ = {
			isa = PBXProject;
			attributes = {
				BuildIndependentTargetsInParallel = 1;
				LastSwiftUpdateCheck = 1420;
				LastUpgradeCheck = 1540;
				TargetAttributes = {
					783CE13729A0C87600A88982 = {
						CreatedOnToolsVersion = 14.2;
					};
				};
			};
			buildConfigurationList = 783CE13329A0C87600A88982 /* Build configuration list for PBXProject "openai-async-image-swiftui-example" */;
			compatibilityVersion = "Xcode 14.0";
			developmentRegion = en;
			hasScannedForEncodings = 0;
			knownRegions = (
				en,
				Base,
			);
			mainGroup = 783CE12F29A0C87600A88982;
			packageReferences = (
				785C65B72C9DE0E600F94362 /* XCRemoteSwiftPackageReference "openai-async-image-swiftui" */,
			);
			productRefGroup = 783CE13929A0C87600A88982 /* Products */;
			projectDirPath = "";
			projectRoot = "";
			targets = (
				783CE13729A0C87600A88982 /* openai-async-image-swiftui-example */,
			);
		};
/* End PBXProject section */

/* Begin PBXResourcesBuildPhase section */
		783CE13629A0C87600A88982 /* Resources */ = {
			isa = PBXResourcesBuildPhase;
			buildActionMask = 2147483647;
			files = (
				783D05BA29AE2B5100C5D2B0 /* README.md in Resources */,
				783D05C329AF609C00C5D2B0 /* sun_iphone.png in Resources */,
				783CE14429A0C87800A88982 /* Preview Assets.xcassets in Resources */,
				783CE14029A0C87800A88982 /* Assets.xcassets in Resources */,
			);
			runOnlyForDeploymentPostprocessing = 0;
		};
/* End PBXResourcesBuildPhase section */

/* Begin PBXSourcesBuildPhase section */
		783CE13429A0C87600A88982 /* Sources */ = {
			isa = PBXSourcesBuildPhase;
			buildActionMask = 2147483647;
			files = (
				78976E202C3AE11F00791CC3 /* TextWithLinks.swift in Sources */,
				783CE13E29A0C87600A88982 /* ContentView.swift in Sources */,
				783CE13C29A0C87600A88982 /* openai_async_image_swiftui_exampleApp.swift in Sources */,
			);
			runOnlyForDeploymentPostprocessing = 0;
		};
/* End PBXSourcesBuildPhase section */

/* Begin XCBuildConfiguration section */
		783CE14529A0C87800A88982 /* Debug */ = {
			isa = XCBuildConfiguration;
			buildSettings = {
				ALWAYS_SEARCH_USER_PATHS = NO;
				CLANG_ANALYZER_NONNULL = YES;
				CLANG_ANALYZER_NUMBER_OBJECT_CONVERSION = YES_AGGRESSIVE;
				CLANG_CXX_LANGUAGE_STANDARD = "gnu++20";
				CLANG_ENABLE_MODULES = YES;
				CLANG_ENABLE_OBJC_ARC = YES;
				CLANG_ENABLE_OBJC_WEAK = YES;
				CLANG_WARN_BLOCK_CAPTURE_AUTORELEASING = YES;
				CLANG_WARN_BOOL_CONVERSION = YES;
				CLANG_WARN_COMMA = YES;
				CLANG_WARN_CONSTANT_CONVERSION = YES;
				CLANG_WARN_DEPRECATED_OBJC_IMPLEMENTATIONS = YES;
				CLANG_WARN_DIRECT_OBJC_ISA_USAGE = YES_ERROR;
				CLANG_WARN_DOCUMENTATION_COMMENTS = YES;
				CLANG_WARN_EMPTY_BODY = YES;
				CLANG_WARN_ENUM_CONVERSION = YES;
				CLANG_WARN_INFINITE_RECURSION = YES;
				CLANG_WARN_INT_CONVERSION = YES;
				CLANG_WARN_NON_LITERAL_NULL_CONVERSION = YES;
				CLANG_WARN_OBJC_IMPLICIT_RETAIN_SELF = YES;
				CLANG_WARN_OBJC_LITERAL_CONVERSION = YES;
				CLANG_WARN_OBJC_ROOT_CLASS = YES_ERROR;
				CLANG_WARN_QUOTED_INCLUDE_IN_FRAMEWORK_HEADER = YES;
				CLANG_WARN_RANGE_LOOP_ANALYSIS = YES;
				CLANG_WARN_STRICT_PROTOTYPES = YES;
				CLANG_WARN_SUSPICIOUS_MOVE = YES;
				CLANG_WARN_UNGUARDED_AVAILABILITY = YES_AGGRESSIVE;
				CLANG_WARN_UNREACHABLE_CODE = YES;
				CLANG_WARN__DUPLICATE_METHOD_MATCH = YES;
				COPY_PHASE_STRIP = NO;
				DEAD_CODE_STRIPPING = YES;
				DEBUG_INFORMATION_FORMAT = dwarf;
				ENABLE_STRICT_OBJC_MSGSEND = YES;
				ENABLE_TESTABILITY = YES;
				ENABLE_USER_SCRIPT_SANDBOXING = YES;
				GCC_C_LANGUAGE_STANDARD = gnu11;
				GCC_DYNAMIC_NO_PIC = NO;
				GCC_NO_COMMON_BLOCKS = YES;
				GCC_OPTIMIZATION_LEVEL = 0;
				GCC_PREPROCESSOR_DEFINITIONS = (
					"DEBUG=1",
					"$(inherited)",
				);
				GCC_WARN_64_TO_32_BIT_CONVERSION = YES;
				GCC_WARN_ABOUT_RETURN_TYPE = YES_ERROR;
				GCC_WARN_UNDECLARED_SELECTOR = YES;
				GCC_WARN_UNINITIALIZED_AUTOS = YES_AGGRESSIVE;
				GCC_WARN_UNUSED_FUNCTION = YES;
				GCC_WARN_UNUSED_VARIABLE = YES;
				MTL_ENABLE_DEBUG_INFO = INCLUDE_SOURCE;
				MTL_FAST_MATH = YES;
				ONLY_ACTIVE_ARCH = YES;
				SWIFT_ACTIVE_COMPILATION_CONDITIONS = DEBUG;
				SWIFT_OPTIMIZATION_LEVEL = "-Onone";
			};
			name = Debug;
		};
		783CE14629A0C87800A88982 /* Release */ = {
			isa = XCBuildConfiguration;
			buildSettings = {
				ALWAYS_SEARCH_USER_PATHS = NO;
				CLANG_ANALYZER_NONNULL = YES;
				CLANG_ANALYZER_NUMBER_OBJECT_CONVERSION = YES_AGGRESSIVE;
				CLANG_CXX_LANGUAGE_STANDARD = "gnu++20";
				CLANG_ENABLE_MODULES = YES;
				CLANG_ENABLE_OBJC_ARC = YES;
				CLANG_ENABLE_OBJC_WEAK = YES;
				CLANG_WARN_BLOCK_CAPTURE_AUTORELEASING = YES;
				CLANG_WARN_BOOL_CONVERSION = YES;
				CLANG_WARN_COMMA = YES;
				CLANG_WARN_CONSTANT_CONVERSION = YES;
				CLANG_WARN_DEPRECATED_OBJC_IMPLEMENTATIONS = YES;
				CLANG_WARN_DIRECT_OBJC_ISA_USAGE = YES_ERROR;
				CLANG_WARN_DOCUMENTATION_COMMENTS = YES;
				CLANG_WARN_EMPTY_BODY = YES;
				CLANG_WARN_ENUM_CONVERSION = YES;
				CLANG_WARN_INFINITE_RECURSION = YES;
				CLANG_WARN_INT_CONVERSION = YES;
				CLANG_WARN_NON_LITERAL_NULL_CONVERSION = YES;
				CLANG_WARN_OBJC_IMPLICIT_RETAIN_SELF = YES;
				CLANG_WARN_OBJC_LITERAL_CONVERSION = YES;
				CLANG_WARN_OBJC_ROOT_CLASS = YES_ERROR;
				CLANG_WARN_QUOTED_INCLUDE_IN_FRAMEWORK_HEADER = YES;
				CLANG_WARN_RANGE_LOOP_ANALYSIS = YES;
				CLANG_WARN_STRICT_PROTOTYPES = YES;
				CLANG_WARN_SUSPICIOUS_MOVE = YES;
				CLANG_WARN_UNGUARDED_AVAILABILITY = YES_AGGRESSIVE;
				CLANG_WARN_UNREACHABLE_CODE = YES;
				CLANG_WARN__DUPLICATE_METHOD_MATCH = YES;
				COPY_PHASE_STRIP = NO;
				DEAD_CODE_STRIPPING = YES;
				DEBUG_INFORMATION_FORMAT = "dwarf-with-dsym";
				ENABLE_NS_ASSERTIONS = NO;
				ENABLE_STRICT_OBJC_MSGSEND = YES;
				ENABLE_USER_SCRIPT_SANDBOXING = YES;
				GCC_C_LANGUAGE_STANDARD = gnu11;
				GCC_NO_COMMON_BLOCKS = YES;
				GCC_WARN_64_TO_32_BIT_CONVERSION = YES;
				GCC_WARN_ABOUT_RETURN_TYPE = YES_ERROR;
				GCC_WARN_UNDECLARED_SELECTOR = YES;
				GCC_WARN_UNINITIALIZED_AUTOS = YES_AGGRESSIVE;
				GCC_WARN_UNUSED_FUNCTION = YES;
				GCC_WARN_UNUSED_VARIABLE = YES;
				MTL_ENABLE_DEBUG_INFO = NO;
				MTL_FAST_MATH = YES;
				SWIFT_COMPILATION_MODE = wholemodule;
				SWIFT_OPTIMIZATION_LEVEL = "-O";
			};
			name = Release;
		};
		783CE14829A0C87800A88982 /* Debug */ = {
			isa = XCBuildConfiguration;
			buildSettings = {
				ASSETCATALOG_COMPILER_APPICON_NAME = AppIcon;
				ASSETCATALOG_COMPILER_GLOBAL_ACCENT_COLOR_NAME = AccentColor;
				CODE_SIGN_ENTITLEMENTS = "openai-async-image-swiftui-example/openai_async_image_swiftui_example.entitlements";
				"CODE_SIGN_IDENTITY[sdk=macosx*]" = "Apple Development";
				CODE_SIGN_STYLE = Automatic;
				CURRENT_PROJECT_VERSION = 1;
				DEAD_CODE_STRIPPING = YES;
				DEVELOPMENT_ASSET_PATHS = "\"openai-async-image-swiftui-example/Preview Content\"";
				DEVELOPMENT_TEAM = FZ42RW4USG;
				ENABLE_HARDENED_RUNTIME = YES;
				ENABLE_PREVIEWS = YES;
				GENERATE_INFOPLIST_FILE = YES;
				INFOPLIST_FILE = "openai-async-image-swiftui-example/Info.plist";
				INFOPLIST_KEY_LSApplicationCategoryType = "";
				"INFOPLIST_KEY_UIApplicationSceneManifest_Generation[sdk=iphoneos*]" = YES;
				"INFOPLIST_KEY_UIApplicationSceneManifest_Generation[sdk=iphonesimulator*]" = YES;
				"INFOPLIST_KEY_UIApplicationSupportsIndirectInputEvents[sdk=iphoneos*]" = YES;
				"INFOPLIST_KEY_UIApplicationSupportsIndirectInputEvents[sdk=iphonesimulator*]" = YES;
				"INFOPLIST_KEY_UILaunchScreen_Generation[sdk=iphoneos*]" = YES;
				"INFOPLIST_KEY_UILaunchScreen_Generation[sdk=iphonesimulator*]" = YES;
				"INFOPLIST_KEY_UIStatusBarStyle[sdk=iphoneos*]" = UIStatusBarStyleDefault;
				"INFOPLIST_KEY_UIStatusBarStyle[sdk=iphonesimulator*]" = UIStatusBarStyleDefault;
				INFOPLIST_KEY_UISupportedInterfaceOrientations_iPad = "UIInterfaceOrientationPortrait UIInterfaceOrientationPortraitUpsideDown UIInterfaceOrientationLandscapeLeft UIInterfaceOrientationLandscapeRight";
				INFOPLIST_KEY_UISupportedInterfaceOrientations_iPhone = "UIInterfaceOrientationPortrait UIInterfaceOrientationLandscapeLeft UIInterfaceOrientationLandscapeRight";
				IPHONEOS_DEPLOYMENT_TARGET = 15.0;
				LD_RUNPATH_SEARCH_PATHS = "@executable_path/Frameworks";
				"LD_RUNPATH_SEARCH_PATHS[sdk=macosx*]" = "@executable_path/../Frameworks";
				MACOSX_DEPLOYMENT_TARGET = 12.0;
				MARKETING_VERSION = 1.0;
				PRODUCT_BUNDLE_IDENTIFIER = "com.igorshell.openai-async-image-swiftui-example";
				PRODUCT_NAME = "$(TARGET_NAME)";
				SDKROOT = auto;
				SUPPORTED_PLATFORMS = "iphoneos iphonesimulator macosx";
				SWIFT_EMIT_LOC_STRINGS = YES;
				SWIFT_VERSION = 5.0;
				TARGETED_DEVICE_FAMILY = "1,2";
			};
			name = Debug;
		};
		783CE14929A0C87800A88982 /* Release */ = {
			isa = XCBuildConfiguration;
			buildSettings = {
				ASSETCATALOG_COMPILER_APPICON_NAME = AppIcon;
				ASSETCATALOG_COMPILER_GLOBAL_ACCENT_COLOR_NAME = AccentColor;
				CODE_SIGN_ENTITLEMENTS = "openai-async-image-swiftui-example/openai_async_image_swiftui_example.entitlements";
				"CODE_SIGN_IDENTITY[sdk=macosx*]" = "Apple Development";
				CODE_SIGN_STYLE = Automatic;
				CURRENT_PROJECT_VERSION = 1;
				DEAD_CODE_STRIPPING = YES;
				DEVELOPMENT_ASSET_PATHS = "\"openai-async-image-swiftui-example/Preview Content\"";
				DEVELOPMENT_TEAM = FZ42RW4USG;
				ENABLE_HARDENED_RUNTIME = YES;
				ENABLE_PREVIEWS = YES;
				GENERATE_INFOPLIST_FILE = YES;
				INFOPLIST_FILE = "openai-async-image-swiftui-example/Info.plist";
				INFOPLIST_KEY_LSApplicationCategoryType = "";
				"INFOPLIST_KEY_UIApplicationSceneManifest_Generation[sdk=iphoneos*]" = YES;
				"INFOPLIST_KEY_UIApplicationSceneManifest_Generation[sdk=iphonesimulator*]" = YES;
				"INFOPLIST_KEY_UIApplicationSupportsIndirectInputEvents[sdk=iphoneos*]" = YES;
				"INFOPLIST_KEY_UIApplicationSupportsIndirectInputEvents[sdk=iphonesimulator*]" = YES;
				"INFOPLIST_KEY_UILaunchScreen_Generation[sdk=iphoneos*]" = YES;
				"INFOPLIST_KEY_UILaunchScreen_Generation[sdk=iphonesimulator*]" = YES;
				"INFOPLIST_KEY_UIStatusBarStyle[sdk=iphoneos*]" = UIStatusBarStyleDefault;
				"INFOPLIST_KEY_UIStatusBarStyle[sdk=iphonesimulator*]" = UIStatusBarStyleDefault;
				INFOPLIST_KEY_UISupportedInterfaceOrientations_iPad = "UIInterfaceOrientationPortrait UIInterfaceOrientationPortraitUpsideDown UIInterfaceOrientationLandscapeLeft UIInterfaceOrientationLandscapeRight";
				INFOPLIST_KEY_UISupportedInterfaceOrientations_iPhone = "UIInterfaceOrientationPortrait UIInterfaceOrientationLandscapeLeft UIInterfaceOrientationLandscapeRight";
				IPHONEOS_DEPLOYMENT_TARGET = 15.0;
				LD_RUNPATH_SEARCH_PATHS = "@executable_path/Frameworks";
				"LD_RUNPATH_SEARCH_PATHS[sdk=macosx*]" = "@executable_path/../Frameworks";
				MACOSX_DEPLOYMENT_TARGET = 12.0;
				MARKETING_VERSION = 1.0;
				PRODUCT_BUNDLE_IDENTIFIER = "com.igorshell.openai-async-image-swiftui-example";
				PRODUCT_NAME = "$(TARGET_NAME)";
				SDKROOT = auto;
				SUPPORTED_PLATFORMS = "iphoneos iphonesimulator macosx";
				SWIFT_EMIT_LOC_STRINGS = YES;
				SWIFT_VERSION = 5.0;
				TARGETED_DEVICE_FAMILY = "1,2";
			};
			name = Release;
		};
/* End XCBuildConfiguration section */

/* Begin XCConfigurationList section */
		783CE13329A0C87600A88982 /* Build configuration list for PBXProject "openai-async-image-swiftui-example" */ = {
			isa = XCConfigurationList;
			buildConfigurations = (
				783CE14529A0C87800A88982 /* Debug */,
				783CE14629A0C87800A88982 /* Release */,
			);
			defaultConfigurationIsVisible = 0;
			defaultConfigurationName = Release;
		};
		783CE14729A0C87800A88982 /* Build configuration list for PBXNativeTarget "openai-async-image-swiftui-example" */ = {
			isa = XCConfigurationList;
			buildConfigurations = (
				783CE14829A0C87800A88982 /* Debug */,
				783CE14929A0C87800A88982 /* Release */,
			);
			defaultConfigurationIsVisible = 0;
			defaultConfigurationName = Release;
		};
/* End XCConfigurationList section */

/* Begin XCRemoteSwiftPackageReference section */
		785C65B72C9DE0E600F94362 /* XCRemoteSwiftPackageReference "openai-async-image-swiftui" */ = {
			isa = XCRemoteSwiftPackageReference;
			repositoryURL = "https://github.com/igor11191708/openai-async-image-swiftui";
			requirement = {
				branch = main;
				kind = branch;
			};
		};
/* End XCRemoteSwiftPackageReference section */

/* Begin XCSwiftPackageProductDependency section */
		785C65B82C9DE0E600F94362 /* openai-async-image-swiftui */ = {
			isa = XCSwiftPackageProductDependency;
			package = 785C65B72C9DE0E600F94362 /* XCRemoteSwiftPackageReference "openai-async-image-swiftui" */;
			productName = "openai-async-image-swiftui";
		};
/* End XCSwiftPackageProductDependency section */
	};
	rootObject = 783CE13029A0C87600A88982 /* Project object */;
}
