{
  "originHash" : "9a83f65f7115b3ad0aecf69b26ad6e9d6cbd9eebb6c140e3ae3ac93b84551f5b",
  "pins" : [
    {
      "identity" : "async-http-client",
      "kind" : "remoteSourceControl",
      "location" : "https://github.com/The-Igor/async-http-client.git",
      "state" : {
        "revision" : "9a56240b21baff71f5399194a1f2af9ab8c4c076",
        "version" : "1.4.6"
      }
    },
    {
      "identity" : "openai-async-image-swiftui",
      "kind" : "remoteSourceControl",
      "location" : "https://github.com/igor11191708/openai-async-image-swiftui",
      "state" : {
        "branch" : "main",
        "revision" : "aeda73110c177e4be7c6829485bb0d9a76419723"
      }
    },
    {
      "identity" : "retry-policy-service",
      "kind" : "remoteSourceControl",
      "location" : "https://github.com/The-Igor/retry-policy-service.git",
      "state" : {
        "revision" : "2a6a1f057fbf77337dfc73db98bd3d538127b3e2",
        "version" : "1.0.1"
      }
    }
  ],
  "version" : 3
}
