{
  "pins" : [
    {
      "identity" : "async-http-client",
      "kind" : "remoteSourceControl",
      "location" : "https://github.com/The-Igor/async-http-client.git",
      "state" : {
        "branch" : "main",
        "revision" : "92576110f6f4cd76a5971d9fffdb7cb9d0c6b105"
      }
    },
    {
      "identity" : "openai-async-image-swiftui",
      "kind" : "remoteSourceControl",
      "location" : "https://github.com/The-Igor/openai-async-image-swiftui.git",
      "state" : {
        "branch" : "main",
        "revision" : "9c31c110d2f42844863f3e99607b53e0230abbc9"
      }
    }
  ],
  "version" : 2
}
