{
  "originHash" : "2e167b064efe8c34be9109bc23f0bf95eb95c8be0d3b9f07652a29ea0f223ebe",
  "pins" : [
    {
      "identity" : "async-http-client",
      "kind" : "remoteSourceControl",
      "location" : "https://github.com/The-Igor/async-http-client.git",
      "state" : {
        "revision" : "8be7d1c1f036350a8109b075052a71d3353ad366",
        "version" : "1.4.4"
      }
    },
    {
      "identity" : "openai-async-image-swiftui",
      "kind" : "remoteSourceControl",
      "location" : "https://github.com/The-Igor/openai-async-image-swiftui.git",
      "state" : {
        "branch" : "main",
        "revision" : "cb5658d1a27d47413d41fc8fef48274e7e44bf52"
      }
    },
    {
      "identity" : "retry-policy-service",
      "kind" : "remoteSourceControl",
      "location" : "https://github.com/The-Igor/retry-policy-service.git",
      "state" : {
        "revision" : "46ded002161a95c6b08ddd02c3f319891c773d14",
        "version" : "1.0.0"
      }
    }
  ],
  "version" : 3
}
